
Microsoft Visual Studio Solution File, Format Version 12.00
# Visual Studio 14
VisualStudioVersion = 14.0.24720.0
MinimumVisualStudioVersion = 10.0.40219.1
Project("{FAE04EC0-301F-11D3-BF4B-00C04F79EFBC}") = "FhdSettings", "FhdSettings\FhdSettings.csproj", "{12932E4F-AADD-4885-91AB-5BF0BDAEAB42}"
EndProject
Project("{FAE04EC0-301F-11D3-BF4B-00C04F79EFBC}") = "FhdSettings.Impl", "FhdSettings.Impl\FhdSettings.Impl.csproj", "{D87BCA4B-25A5-4616-899F-93544A14F6BE}"
EndProject
Project("{8BB2217D-0F2D-49D1-97BC-3654ED321F3B}") = "FhdSettings.Web", "FhdSettings.Web\FhdSettings.Web.xproj", "{4B6CC0AD-6017-42CA-B587-1B3AEE7D858C}"
EndProject
Project("{FAE04EC0-301F-11D3-BF4B-00C04F79EFBC}") = "FhdSettings.Impl.Tests", "FhdSettings.Impl.Tests\FhdSettings.Impl.Tests.csproj", "{C7D7C823-48F4-48B2-B6D3-96DB5A387E3A}"
EndProject
Project("{FAE04EC0-301F-11D3-BF4B-00C04F79EFBC}") = "FhdSettings.Api", "FhdSettings.Api\FhdSettings.Api.csproj", "{02D60764-2774-44B0-8710-BFFBC7889B50}"
EndProject
Project("{FAE04EC0-301F-11D3-BF4B-00C04F79EFBC}") = "FhdSettings.Api.Tests", "FhdSettings.Api.Tests\FhdSettings.Api.Tests.csproj", "{212CB691-BA58-41D5-A780-7528BC8AB37E}"
EndProject
Project("{FAE04EC0-301F-11D3-BF4B-00C04F79EFBC}") = "FhdSettings.Api.MsTests", "FhdSettings.Api.MsTests\FhdSettings.Api.MsTests.csproj", "{8AB5983D-2712-4081-9C7C-DD9F28E0C96C}"
EndProject
Project("{2150E333-8FDC-42A3-9474-1A3956D46DE8}") = "Tests", "Tests", "{E1DA2041-F9CA-4ACD-8296-EC97DE11B82E}"
EndProject
Global
	GlobalSection(SolutionConfigurationPlatforms) = preSolution
		Debug|Any CPU = Debug|Any CPU
		Release|Any CPU = Release|Any CPU
	EndGlobalSection
	GlobalSection(ProjectConfigurationPlatforms) = postSolution
		{12932E4F-AADD-4885-91AB-5BF0BDAEAB42}.Debug|Any CPU.ActiveCfg = Debug|Any CPU
		{12932E4F-AADD-4885-91AB-5BF0BDAEAB42}.Debug|Any CPU.Build.0 = Debug|Any CPU
		{12932E4F-AADD-4885-91AB-5BF0BDAEAB42}.Release|Any CPU.ActiveCfg = Release|Any CPU
		{12932E4F-AADD-4885-91AB-5BF0BDAEAB42}.Release|Any CPU.Build.0 = Release|Any CPU
		{D87BCA4B-25A5-4616-899F-93544A14F6BE}.Debug|Any CPU.ActiveCfg = Debug|Any CPU
		{D87BCA4B-25A5-4616-899F-93544A14F6BE}.Debug|Any CPU.Build.0 = Debug|Any CPU
		{D87BCA4B-25A5-4616-899F-93544A14F6BE}.Release|Any CPU.ActiveCfg = Release|Any CPU
		{D87BCA4B-25A5-4616-899F-93544A14F6BE}.Release|Any CPU.Build.0 = Release|Any CPU
		{4B6CC0AD-6017-42CA-B587-1B3AEE7D858C}.Debug|Any CPU.ActiveCfg = Debug|Any CPU
		{4B6CC0AD-6017-42CA-B587-1B3AEE7D858C}.Debug|Any CPU.Build.0 = Debug|Any CPU
		{4B6CC0AD-6017-42CA-B587-1B3AEE7D858C}.Release|Any CPU.ActiveCfg = Release|Any CPU
		{4B6CC0AD-6017-42CA-B587-1B3AEE7D858C}.Release|Any CPU.Build.0 = Release|Any CPU
		{C7D7C823-48F4-48B2-B6D3-96DB5A387E3A}.Debug|Any CPU.ActiveCfg = Debug|Any CPU
		{C7D7C823-48F4-48B2-B6D3-96DB5A387E3A}.Debug|Any CPU.Build.0 = Debug|Any CPU
		{C7D7C823-48F4-48B2-B6D3-96DB5A387E3A}.Release|Any CPU.ActiveCfg = Release|Any CPU
		{C7D7C823-48F4-48B2-B6D3-96DB5A387E3A}.Release|Any CPU.Build.0 = Release|Any CPU
		{02D60764-2774-44B0-8710-BFFBC7889B50}.Debug|Any CPU.ActiveCfg = Debug|Any CPU
		{02D60764-2774-44B0-8710-BFFBC7889B50}.Debug|Any CPU.Build.0 = Debug|Any CPU
		{02D60764-2774-44B0-8710-BFFBC7889B50}.Release|Any CPU.ActiveCfg = Release|Any CPU
		{02D60764-2774-44B0-8710-BFFBC7889B50}.Release|Any CPU.Build.0 = Release|Any CPU
		{212CB691-BA58-41D5-A780-7528BC8AB37E}.Debug|Any CPU.ActiveCfg = Debug|Any CPU
		{212CB691-BA58-41D5-A780-7528BC8AB37E}.Debug|Any CPU.Build.0 = Debug|Any CPU
		{212CB691-BA58-41D5-A780-7528BC8AB37E}.Release|Any CPU.ActiveCfg = Release|Any CPU
		{212CB691-BA58-41D5-A780-7528BC8AB37E}.Release|Any CPU.Build.0 = Release|Any CPU
		{8AB5983D-2712-4081-9C7C-DD9F28E0C96C}.Debug|Any CPU.ActiveCfg = Debug|Any CPU
		{8AB5983D-2712-4081-9C7C-DD9F28E0C96C}.Debug|Any CPU.Build.0 = Debug|Any CPU
		{8AB5983D-2712-4081-9C7C-DD9F28E0C96C}.Release|Any CPU.ActiveCfg = Release|Any CPU
		{8AB5983D-2712-4081-9C7C-DD9F28E0C96C}.Release|Any CPU.Build.0 = Release|Any CPU
	EndGlobalSection
	GlobalSection(SolutionProperties) = preSolution
		HideSolutionNode = FALSE
	EndGlobalSection
	GlobalSection(NestedProjects) = preSolution
		{C7D7C823-48F4-48B2-B6D3-96DB5A387E3A} = {E1DA2041-F9CA-4ACD-8296-EC97DE11B82E}
		{212CB691-BA58-41D5-A780-7528BC8AB37E} = {E1DA2041-F9CA-4ACD-8296-EC97DE11B82E}
		{8AB5983D-2712-4081-9C7C-DD9F28E0C96C} = {E1DA2041-F9CA-4ACD-8296-EC97DE11B82E}
	EndGlobalSection
EndGlobal
